{
  "object": {
    "pins": [
      {
        "package": "combine-schedulers",
        "repositoryURL": "https://github.com/pointfreeco/combine-schedulers",
        "state": {
          "branch": null,
          "revision": "ff42ec9061d864de7982162011321d3df5080c10",
          "version": "0.1.2"
        }
      },
      {
        "package": "CryptoCompareKit",
        "repositoryURL": "https://github.com/sger/CryptoCompareKit",
        "state": {
          "branch": "main",
          "revision": "0c4bd495407136cb2a10c6ffbe4f2e79a7a7f77f",
          "version": null
        }
      }
    ]
  },
  "version": 1
}
